{
  "object": {
    "pins": [
      {
        "package": "JavaScriptKit",
        "repositoryURL": "https://github.com/j-f1/forked-JavaScriptKit.git",
        "state": {
          "branch": "b62b78e",
          "revision": "b62b78e0460c9b712a5edc5c4575c19f56fe1195",
          "version": null
        }
      }
    ]
  },
  "version": 1
}
