{
  "object": {
    "pins": [
      {
        "package": "JavaScriptKit",
        "repositoryURL": "https://github.com/j-f1/forked-JavaScriptKit.git",
        "state": {
          "branch": "fa1a06d",
          "revision": "fa1a06d9ca23e8d5ec5f840c6e515271b1f70113",
          "version": null
        }
      }
    ]
  },
  "version": 1
}
