{
  "object": {
    "pins": [
      {
        "package": "JavaScriptKit",
        "repositoryURL": "https://github.com/swiftwasm/JavaScriptKit.git",
        "state": {
          "branch": "jed/open-object",
          "revision": "0f9b0fbfb4004cbfb335a81416bd6658ece750c7",
          "version": null
        }
      }
    ]
  },
  "version": 1
}
