{
  "name": "fetch-idl",
  "lockfileVersion": 2,
  "requires": true,
  "packages": {
    "": {
      "dependencies": {
        "@webref/idl": "^3.5.0",
        "webidl2": "^24.2.1"
      },
      "devDependencies": {
        "prettier": "2.6.1"
      }
    },
    "node_modules/@webref/idl": {
      "version": "3.5.0",
      "resolved": "https://registry.npmjs.org/@webref/idl/-/idl-3.5.0.tgz",
      "integrity": "sha512-e4nMYUWVSheHbA9j2kqLAeh3mjTVxG0H4ucVbi8l5nUHWP6kKW2qYik3nHcg7HNfHCDBm+ID6ZuSY0aT9tSDIg==",
      "peerDependencies": {
        "webidl2": "^24.2.1"
      }
    },
    "node_modules/prettier": {
      "version": "2.6.1",
      "resolved": "https://registry.npmjs.org/prettier/-/prettier-2.6.1.tgz",
      "integrity": "sha512-8UVbTBYGwN37Bs9LERmxCPjdvPxlEowx2urIL6urHzdb3SDq4B/Z6xLFCblrSnE4iKWcS6ziJ3aOYrc1kz/E2A==",
      "dev": true,
      "bin": {
        "prettier": "bin-prettier.js"
      },
      "engines": {
        "node": ">=10.13.0"
      },
      "funding": {
        "url": "https://github.com/prettier/prettier?sponsor=1"
      }
    },
    "node_modules/webidl2": {
      "version": "24.2.1",
      "resolved": "https://registry.npmjs.org/webidl2/-/webidl2-24.2.1.tgz",
      "integrity": "sha512-1jod69oNcC9BnFt3dgL5te+erImZqji1FCnJStIYOGK+fFrjVc03PGJrcJrhIUVJDIb/KyUNWy+xXIGQnAvQRA=="
    }
  },
  "dependencies": {
    "@webref/idl": {
      "version": "3.5.0",
      "resolved": "https://registry.npmjs.org/@webref/idl/-/idl-3.5.0.tgz",
      "integrity": "sha512-e4nMYUWVSheHbA9j2kqLAeh3mjTVxG0H4ucVbi8l5nUHWP6kKW2qYik3nHcg7HNfHCDBm+ID6ZuSY0aT9tSDIg==",
      "requires": {}
    },
    "prettier": {
      "version": "2.6.1",
      "resolved": "https://registry.npmjs.org/prettier/-/prettier-2.6.1.tgz",
      "integrity": "sha512-8UVbTBYGwN37Bs9LERmxCPjdvPxlEowx2urIL6urHzdb3SDq4B/Z6xLFCblrSnE4iKWcS6ziJ3aOYrc1kz/E2A==",
      "dev": true
    },
    "webidl2": {
      "version": "24.2.1",
      "resolved": "https://registry.npmjs.org/webidl2/-/webidl2-24.2.1.tgz",
      "integrity": "sha512-1jod69oNcC9BnFt3dgL5te+erImZqji1FCnJStIYOGK+fFrjVc03PGJrcJrhIUVJDIb/KyUNWy+xXIGQnAvQRA=="
    }
  }
}
