{
  "name": "parse-idl",
  "lockfileVersion": 2,
  "requires": true,
  "packages": {
    "": {
      "dependencies": {
        "@webref/idl": "3.60.3",
        "webidl2": "^24.4.1"
      },
      "devDependencies": {
        "prettier": "2.6.1"
      }
    },
    "node_modules/@webref/idl": {
      "version": "3.60.3",
      "resolved": "https://registry.npmjs.org/@webref/idl/-/idl-3.60.3.tgz",
      "integrity": "sha512-l68v+hSSi3uNBliRtrgKuWuhw1fyw1oO46F525a7a2zS/VUts+ygsjNSkLf5ogz+PvWmMKdYJQF2dy9Cd1stFg==",
      "peerDependencies": {
        "webidl2": "^24.4.1"
      }
    },
    "node_modules/prettier": {
      "version": "2.6.1",
      "resolved": "https://registry.npmjs.org/prettier/-/prettier-2.6.1.tgz",
      "integrity": "sha512-8UVbTBYGwN37Bs9LERmxCPjdvPxlEowx2urIL6urHzdb3SDq4B/Z6xLFCblrSnE4iKWcS6ziJ3aOYrc1kz/E2A==",
      "dev": true,
      "bin": {
        "prettier": "bin-prettier.js"
      },
      "engines": {
        "node": ">=10.13.0"
      },
      "funding": {
        "url": "https://github.com/prettier/prettier?sponsor=1"
      }
    },
    "node_modules/webidl2": {
      "version": "24.4.1",
      "resolved": "https://registry.npmjs.org/webidl2/-/webidl2-24.4.1.tgz",
      "integrity": "sha512-cPToqvZlxTAlaMucZyU28XtFLJz3XPdTdIWK/r3IaP1jfkjqne3OTniJS8DZqfzee1aBUQn80d6s2vYert50kg==",
      "engines": {
        "node": ">= 14"
      }
    }
  },
  "dependencies": {
    "@webref/idl": {
      "version": "3.60.3",
      "resolved": "https://registry.npmjs.org/@webref/idl/-/idl-3.60.3.tgz",
      "integrity": "sha512-l68v+hSSi3uNBliRtrgKuWuhw1fyw1oO46F525a7a2zS/VUts+ygsjNSkLf5ogz+PvWmMKdYJQF2dy9Cd1stFg==",
      "requires": {}
    },
    "prettier": {
      "version": "2.6.1",
      "resolved": "https://registry.npmjs.org/prettier/-/prettier-2.6.1.tgz",
      "integrity": "sha512-8UVbTBYGwN37Bs9LERmxCPjdvPxlEowx2urIL6urHzdb3SDq4B/Z6xLFCblrSnE4iKWcS6ziJ3aOYrc1kz/E2A==",
      "dev": true
    },
    "webidl2": {
      "version": "24.4.1",
      "resolved": "https://registry.npmjs.org/webidl2/-/webidl2-24.4.1.tgz",
      "integrity": "sha512-cPToqvZlxTAlaMucZyU28XtFLJz3XPdTdIWK/r3IaP1jfkjqne3OTniJS8DZqfzee1aBUQn80d6s2vYert50kg=="
    }
  }
}
