{
  "name": "parse-idl",
  "lockfileVersion": 3,
  "requires": true,
  "packages": {
    "": {
      "dependencies": {
        "@webref/idl": "^3.5.0",
        "webidl2": "^24.2.1"
      },
      "devDependencies": {
        "prettier": "2.6.1"
      }
    },
    "node_modules/@webref/idl": {
      "version": "3.35.1",
      "resolved": "https://registry.npmjs.org/@webref/idl/-/idl-3.35.1.tgz",
      "integrity": "sha512-OLBQ0NJJs9uTJl1v/l/1Lx9JLirb6uu5UrF3nzcZV2XBgzEsqvVG75/XcBWPwkNxt8ALz9nljehtWMVXjFA1NA==",
      "peerDependencies": {
        "webidl2": "^24.3.0"
      }
    },
    "node_modules/prettier": {
      "version": "2.6.1",
      "resolved": "https://registry.npmjs.org/prettier/-/prettier-2.6.1.tgz",
      "integrity": "sha512-8UVbTBYGwN37Bs9LERmxCPjdvPxlEowx2urIL6urHzdb3SDq4B/Z6xLFCblrSnE4iKWcS6ziJ3aOYrc1kz/E2A==",
      "dev": true,
      "bin": {
        "prettier": "bin-prettier.js"
      },
      "engines": {
        "node": ">=10.13.0"
      },
      "funding": {
        "url": "https://github.com/prettier/prettier?sponsor=1"
      }
    },
    "node_modules/webidl2": {
      "version": "24.4.0",
      "resolved": "https://registry.npmjs.org/webidl2/-/webidl2-24.4.0.tgz",
      "integrity": "sha512-4S8B2N3wXMV7siwtMbFmjUia8JvFUBAfh215DfFSTDuzn8qsoqVF1sg3H6k1Z8CiVlYMo6Iyz848f6EhvaVI2w==",
      "engines": {
        "node": ">= 14"
      }
    }
  }
}
